
Microsoft Visual Studio Solution File, Format Version 12.00
# Visual Studio Version 16
VisualStudioVersion = 16.0.29509.3
MinimumVisualStudioVersion = 10.0.40219.1
Project("{FAE04EC0-301F-11D3-BF4B-00C04F79EFBC}") = "Variables_Y_Bucles", "Variables_Y_Bucles\Variables_Y_Bucles.csproj", "{5C29556A-AD52-4DAD-A968-9EA95D6A541A}"
EndProject
Global
	GlobalSection(SolutionConfigurationPlatforms) = preSolution
		Debug|Any CPU = Debug|Any CPU
		Release|Any CPU = Release|Any CPU
	EndGlobalSection
	GlobalSection(ProjectConfigurationPlatforms) = postSolution
		{5C29556A-AD52-4DAD-A968-9EA95D6A541A}.Debug|Any CPU.ActiveCfg = Debug|Any CPU
		{5C29556A-AD52-4DAD-A968-9EA95D6A541A}.Debug|Any CPU.Build.0 = Debug|Any CPU
		{5C29556A-AD52-4DAD-A968-9EA95D6A541A}.Release|Any CPU.ActiveCfg = Release|Any CPU
		{5C29556A-AD52-4DAD-A968-9EA95D6A541A}.Release|Any CPU.Build.0 = Release|Any CPU
	EndGlobalSection
	GlobalSection(SolutionProperties) = preSolution
		HideSolutionNode = FALSE
	EndGlobalSection
	GlobalSection(ExtensibilityGlobals) = postSolution
		SolutionGuid = {2B572BEE-0A3E-4D6E-9AF6-A23B240102CA}
	EndGlobalSection
EndGlobal
